// !$*UTF8*$!
{
	archiveVersion = 1;
	classes = {
	};
	objectVersion = 46;
	objects = {

/* Begin PBXBuildFile section */
		CDBD656F1E02185100262F2E /* AppDelegate.swift in Sources */ = {isa = PBXBuildFile; fileRef = CDBD656E1E02185100262F2E /* AppDelegate.swift */; };
		CDBD65711E02185100262F2E /* ViewController.swift in Sources */ = {isa = PBXBuildFile; fileRef = CDBD65701E02185100262F2E /* ViewController.swift */; };
		CDBD65741E02185100262F2E /* Main.storyboard in Resources */ = {isa = PBXBuildFile; fileRef = CDBD65721E02185100262F2E /* Main.storyboard */; };
		CDBD65761E02185100262F2E /* Assets.xcassets in Resources */ = {isa = PBXBuildFile; fileRef = CDBD65751E02185100262F2E /* Assets.xcassets */; };
		CDBD65791E02185100262F2E /* LaunchScreen.storyboard in Resources */ = {isa = PBXBuildFile; fileRef = CDBD65771E02185100262F2E /* LaunchScreen.storyboard */; };
		CDBD65851E021AAE00262F2E /* RxBlocking.framework in Frameworks */ = {isa = PBXBuildFile; fileRef = CDBD65811E021AAE00262F2E /* RxBlocking.framework */; };
		CDBD65861E021AAE00262F2E /* RxBlocking.framework in Embed Frameworks */ = {isa = PBXBuildFile; fileRef = CDBD65811E021AAE00262F2E /* RxBlocking.framework */; settings = {ATTRIBUTES = (CodeSignOnCopy, RemoveHeadersOnCopy, ); }; };
		CDBD65871E021AAE00262F2E /* RxCocoa.framework in Frameworks */ = {isa = PBXBuildFile; fileRef = CDBD65821E021AAE00262F2E /* RxCocoa.framework */; };
		CDBD65881E021AAE00262F2E /* RxCocoa.framework in Embed Frameworks */ = {isa = PBXBuildFile; fileRef = CDBD65821E021AAE00262F2E /* RxCocoa.framework */; settings = {ATTRIBUTES = (CodeSignOnCopy, RemoveHeadersOnCopy, ); }; };
		CDBD65891E021AAE00262F2E /* RxSwift.framework in Frameworks */ = {isa = PBXBuildFile; fileRef = CDBD65831E021AAE00262F2E /* RxSwift.framework */; };
		CDBD658A1E021AAE00262F2E /* RxSwift.framework in Embed Frameworks */ = {isa = PBXBuildFile; fileRef = CDBD65831E021AAE00262F2E /* RxSwift.framework */; settings = {ATTRIBUTES = (CodeSignOnCopy, RemoveHeadersOnCopy, ); }; };
/* End PBXBuildFile section */

/* Begin PBXCopyFilesBuildPhase section */
		CDBD658D1E021AAE00262F2E /* Embed Frameworks */ = {
			isa = PBXCopyFilesBuildPhase;
			buildActionMask = 2147483647;
			dstPath = "";
			dstSubfolderSpec = 10;
			files = (
				CDBD65881E021AAE00262F2E /* RxCocoa.framework in Embed Frameworks */,
				CDBD65861E021AAE00262F2E /* RxBlocking.framework in Embed Frameworks */,
				CDBD658A1E021AAE00262F2E /* RxSwift.framework in Embed Frameworks */,
			);
			name = "Embed Frameworks";
			runOnlyForDeploymentPostprocessing = 0;
		};
/* End PBXCopyFilesBuildPhase section */

/* Begin PBXFileReference section */
		CDBD656B1E02185100262F2E /* Takahashi.app */ = {isa = PBXFileReference; explicitFileType = wrapper.application; includeInIndex = 0; path = Takahashi.app; sourceTree = BUILT_PRODUCTS_DIR; };
		CDBD656E1E02185100262F2E /* AppDelegate.swift */ = {isa = PBXFileReference; lastKnownFileType = sourcecode.swift; path = AppDelegate.swift; sourceTree = "<group>"; };
		CDBD65701E02185100262F2E /* ViewController.swift */ = {isa = PBXFileReference; lastKnownFileType = sourcecode.swift; path = ViewController.swift; sourceTree = "<group>"; };
		CDBD65731E02185100262F2E /* Base */ = {isa = PBXFileReference; lastKnownFileType = file.storyboard; name = Base; path = Base.lproj/Main.storyboard; sourceTree = "<group>"; };
		CDBD65751E02185100262F2E /* Assets.xcassets */ = {isa = PBXFileReference; lastKnownFileType = folder.assetcatalog; path = Assets.xcassets; sourceTree = "<group>"; };
		CDBD65781E02185100262F2E /* Base */ = {isa = PBXFileReference; lastKnownFileType = file.storyboard; name = Base; path = Base.lproj/LaunchScreen.storyboard; sourceTree = "<group>"; };
		CDBD657A1E02185100262F2E /* Info.plist */ = {isa = PBXFileReference; lastKnownFileType = text.plist.xml; path = Info.plist; sourceTree = "<group>"; };
		CDBD65811E021AAE00262F2E /* RxBlocking.framework */ = {isa = PBXFileReference; lastKnownFileType = wrapper.framework; name = RxBlocking.framework; path = Carthage/Build/iOS/RxBlocking.framework; sourceTree = "<group>"; };
		CDBD65821E021AAE00262F2E /* RxCocoa.framework */ = {isa = PBXFileReference; lastKnownFileType = wrapper.framework; name = RxCocoa.framework; path = Carthage/Build/iOS/RxCocoa.framework; sourceTree = "<group>"; };
		CDBD65831E021AAE00262F2E /* RxSwift.framework */ = {isa = PBXFileReference; lastKnownFileType = wrapper.framework; name = RxSwift.framework; path = Carthage/Build/iOS/RxSwift.framework; sourceTree = "<group>"; };
		CDBD65841E021AAE00262F2E /* RxTest.framework */ = {isa = PBXFileReference; lastKnownFileType = wrapper.framework; name = RxTest.framework; path = Carthage/Build/iOS/RxTest.framework; sourceTree = "<group>"; };
/* End PBXFileReference section */

/* Begin PBXFrameworksBuildPhase section */
		CDBD65681E02185100262F2E /* Frameworks */ = {
			isa = PBXFrameworksBuildPhase;
			buildActionMask = 2147483647;
			files = (
				CDBD65871E021AAE00262F2E /* RxCocoa.framework in Frameworks */,
				CDBD65851E021AAE00262F2E /* RxBlocking.framework in Frameworks */,
				CDBD65891E021AAE00262F2E /* RxSwift.framework in Frameworks */,
			);
			runOnlyForDeploymentPostprocessing = 0;
		};
/* End PBXFrameworksBuildPhase section */

/* Begin PBXGroup section */
		CDBD65621E02185100262F2E = {
			isa = PBXGroup;
			children = (
				CDBD65811E021AAE00262F2E /* RxBlocking.framework */,
				CDBD65821E021AAE00262F2E /* RxCocoa.framework */,
				CDBD65831E021AAE00262F2E /* RxSwift.framework */,
				CDBD65841E021AAE00262F2E /* RxTest.framework */,
				CDBD656D1E02185100262F2E /* Takahashi */,
				CDBD656C1E02185100262F2E /* Products */,
			);
			sourceTree = "<group>";
		};
		CDBD656C1E02185100262F2E /* Products */ = {
			isa = PBXGroup;
			children = (
				CDBD656B1E02185100262F2E /* Takahashi.app */,
			);
			name = Products;
			sourceTree = "<group>";
		};
		CDBD656D1E02185100262F2E /* Takahashi */ = {
			isa = PBXGroup;
			children = (
				CDBD656E1E02185100262F2E /* AppDelegate.swift */,
				CDBD65701E02185100262F2E /* ViewController.swift */,
				CDBD65721E02185100262F2E /* Main.storyboard */,
				CDBD65751E02185100262F2E /* Assets.xcassets */,
				CDBD65771E02185100262F2E /* LaunchScreen.storyboard */,
				CDBD657A1E02185100262F2E /* Info.plist */,
			);
			path = Takahashi;
			sourceTree = "<group>";
		};
/* End PBXGroup section */

/* Begin PBXNativeTarget section */
		CDBD656A1E02185100262F2E /* Takahashi */ = {
			isa = PBXNativeTarget;
			buildConfigurationList = CDBD657D1E02185100262F2E /* Build configuration list for PBXNativeTarget "Takahashi" */;
			buildPhases = (
				CDBD65671E02185100262F2E /* Sources */,
				CDBD65681E02185100262F2E /* Frameworks */,
				CDBD65691E02185100262F2E /* Resources */,
				CDBD65801E021A2D00262F2E /* ShellScript */,
				CDBD658D1E021AAE00262F2E /* Embed Frameworks */,
			);
			buildRules = (
			);
			dependencies = (
			);
			name = Takahashi;
			productName = Takahashi;
			productReference = CDBD656B1E02185100262F2E /* Takahashi.app */;
			productType = "com.apple.product-type.application";
		};
/* End PBXNativeTarget section */

/* Begin PBXProject section */
		CDBD65631E02185100262F2E /* Project object */ = {
			isa = PBXProject;
			attributes = {
				LastSwiftUpdateCheck = 0820;
				LastUpgradeCheck = 0820;
				ORGANIZATIONNAME = MyCompany;
				TargetAttributes = {
					CDBD656A1E02185100262F2E = {
						CreatedOnToolsVersion = 8.2;
						ProvisioningStyle = Automatic;
					};
				};
			};
			buildConfigurationList = CDBD65661E02185100262F2E /* Build configuration list for PBXProject "Takahashi" */;
			compatibilityVersion = "Xcode 3.2";
			developmentRegion = English;
			hasScannedForEncodings = 0;
			knownRegions = (
				en,
				Base,
			);
			mainGroup = CDBD65621E02185100262F2E;
			productRefGroup = CDBD656C1E02185100262F2E /* Products */;
			projectDirPath = "";
			projectRoot = "";
			targets = (
				CDBD656A1E02185100262F2E /* Takahashi */,
			);
		};
/* End PBXProject section */

/* Begin PBXResourcesBuildPhase section */
		CDBD65691E02185100262F2E /* Resources */ = {
			isa = PBXResourcesBuildPhase;
			buildActionMask = 2147483647;
			files = (
				CDBD65791E02185100262F2E /* LaunchScreen.storyboard in Resources */,
				CDBD65761E02185100262F2E /* Assets.xcassets in Resources */,
				CDBD65741E02185100262F2E /* Main.storyboard in Resources */,
			);
			runOnlyForDeploymentPostprocessing = 0;
		};
/* End PBXResourcesBuildPhase section */

/* Begin PBXShellScriptBuildPhase section */
		CDBD65801E021A2D00262F2E /* ShellScript */ = {
			isa = PBXShellScriptBuildPhase;
			buildActionMask = 2147483647;
			files = (
			);
			inputPaths = (
				"$(SRCROOT)/Carthage/Build/iOS/RxSwift.framework",
				"$(SRCROOT)/Carthage/Build/iOS/RxCocoa.framework",
				"$(SRCROOT)/Carthage/Build/iOS/RxBlocking.framework",
				"$(SRCROOT)/Carthage/Build/iOS/RxTest.framework",
			);
			outputPaths = (
			);
			runOnlyForDeploymentPostprocessing = 0;
			shellPath = /bin/sh;
			shellScript = "/usr/local/bin/carthage copy-frameworks\n";
		};
/* End PBXShellScriptBuildPhase section */

/* Begin PBXSourcesBuildPhase section */
		CDBD65671E02185100262F2E /* Sources */ = {
			isa = PBXSourcesBuildPhase;
			buildActionMask = 2147483647;
			files = (
				CDBD65711E02185100262F2E /* ViewController.swift in Sources */,
				CDBD656F1E02185100262F2E /* AppDelegate.swift in Sources */,
			);
			runOnlyForDeploymentPostprocessing = 0;
		};
/* End PBXSourcesBuildPhase section */

/* Begin PBXVariantGroup section */
		CDBD65721E02185100262F2E /* Main.storyboard */ = {
			isa = PBXVariantGroup;
			children = (
				CDBD65731E02185100262F2E /* Base */,
			);
			name = Main.storyboard;
			sourceTree = "<group>";
		};
		CDBD65771E02185100262F2E /* LaunchScreen.storyboard */ = {
			isa = PBXVariantGroup;
			children = (
				CDBD65781E02185100262F2E /* Base */,
			);
			name = LaunchScreen.storyboard;
			sourceTree = "<group>";
		};
/* End PBXVariantGroup section */

/* Begin XCBuildConfiguration section */
		CDBD657B1E02185100262F2E /* Debug */ = {
			isa = XCBuildConfiguration;
			buildSettings = {
				ALWAYS_SEARCH_USER_PATHS = NO;
				CLANG_ANALYZER_NONNULL = YES;
				CLANG_CXX_LANGUAGE_STANDARD = "gnu++0x";
				CLANG_CXX_LIBRARY = "libc++";
				CLANG_ENABLE_MODULES = YES;
				CLANG_ENABLE_OBJC_ARC = YES;
				CLANG_WARN_BOOL_CONVERSION = YES;
				CLANG_WARN_CONSTANT_CONVERSION = YES;
				CLANG_WARN_DIRECT_OBJC_ISA_USAGE = YES_ERROR;
				CLANG_WARN_DOCUMENTATION_COMMENTS = YES;
				CLANG_WARN_EMPTY_BODY = YES;
				CLANG_WARN_ENUM_CONVERSION = YES;
				CLANG_WARN_INFINITE_RECURSION = YES;
				CLANG_WARN_INT_CONVERSION = YES;
				CLANG_WARN_OBJC_ROOT_CLASS = YES_ERROR;
				CLANG_WARN_SUSPICIOUS_MOVE = YES;
				CLANG_WARN_UNREACHABLE_CODE = YES;
				CLANG_WARN__DUPLICATE_METHOD_MATCH = YES;
				"CODE_SIGN_IDENTITY[sdk=iphoneos*]" = "iPhone Developer";
				COPY_PHASE_STRIP = NO;
				DEBUG_INFORMATION_FORMAT = dwarf;
				ENABLE_STRICT_OBJC_MSGSEND = YES;
				ENABLE_TESTABILITY = YES;
				GCC_C_LANGUAGE_STANDARD = gnu99;
				GCC_DYNAMIC_NO_PIC = NO;
				GCC_NO_COMMON_BLOCKS = YES;
				GCC_OPTIMIZATION_LEVEL = 0;
				GCC_PREPROCESSOR_DEFINITIONS = (
					"DEBUG=1",
					"$(inherited)",
				);
				GCC_WARN_64_TO_32_BIT_CONVERSION = YES;
				GCC_WARN_ABOUT_RETURN_TYPE = YES_ERROR;
				GCC_WARN_UNDECLARED_SELECTOR = YES;
				GCC_WARN_UNINITIALIZED_AUTOS = YES_AGGRESSIVE;
				GCC_WARN_UNUSED_FUNCTION = YES;
				GCC_WARN_UNUSED_VARIABLE = YES;
				IPHONEOS_DEPLOYMENT_TARGET = 10.2;
				MTL_ENABLE_DEBUG_INFO = YES;
				ONLY_ACTIVE_ARCH = YES;
				SDKROOT = iphoneos;
				SWIFT_ACTIVE_COMPILATION_CONDITIONS = DEBUG;
				SWIFT_OPTIMIZATION_LEVEL = "-Onone";
			};
			name = Debug;
		};
		CDBD657C1E02185100262F2E /* Release */ = {
			isa = XCBuildConfiguration;
			buildSettings = {
				ALWAYS_SEARCH_USER_PATHS = NO;
				CLANG_ANALYZER_NONNULL = YES;
				CLANG_CXX_LANGUAGE_STANDARD = "gnu++0x";
				CLANG_CXX_LIBRARY = "libc++";
				CLANG_ENABLE_MODULES = YES;
				CLANG_ENABLE_OBJC_ARC = YES;
				CLANG_WARN_BOOL_CONVERSION = YES;
				CLANG_WARN_CONSTANT_CONVERSION = YES;
				CLANG_WARN_DIRECT_OBJC_ISA_USAGE = YES_ERROR;
				CLANG_WARN_DOCUMENTATION_COMMENTS = YES;
				CLANG_WARN_EMPTY_BODY = YES;
				CLANG_WARN_ENUM_CONVERSION = YES;
				CLANG_WARN_INFINITE_RECURSION = YES;
				CLANG_WARN_INT_CONVERSION = YES;
				CLANG_WARN_OBJC_ROOT_CLASS = YES_ERROR;
				CLANG_WARN_SUSPICIOUS_MOVE = YES;
				CLANG_WARN_UNREACHABLE_CODE = YES;
				CLANG_WARN__DUPLICATE_METHOD_MATCH = YES;
				"CODE_SIGN_IDENTITY[sdk=iphoneos*]" = "iPhone Developer";
				COPY_PHASE_STRIP = NO;
				DEBUG_INFORMATION_FORMAT = "dwarf-with-dsym";
				ENABLE_NS_ASSERTIONS = NO;
				ENABLE_STRICT_OBJC_MSGSEND = YES;
				GCC_C_LANGUAGE_STANDARD = gnu99;
				GCC_NO_COMMON_BLOCKS = YES;
				GCC_WARN_64_TO_32_BIT_CONVERSION = YES;
				GCC_WARN_ABOUT_RETURN_TYPE = YES_ERROR;
				GCC_WARN_UNDECLARED_SELECTOR = YES;
				GCC_WARN_UNINITIALIZED_AUTOS = YES_AGGRESSIVE;
				GCC_WARN_UNUSED_FUNCTION = YES;
				GCC_WARN_UNUSED_VARIABLE = YES;
				IPHONEOS_DEPLOYMENT_TARGET = 10.2;
				MTL_ENABLE_DEBUG_INFO = NO;
				SDKROOT = iphoneos;
				SWIFT_OPTIMIZATION_LEVEL = "-Owholemodule";
				VALIDATE_PRODUCT = YES;
			};
			name = Release;
		};
		CDBD657E1E02185100262F2E /* Debug */ = {
			isa = XCBuildConfiguration;
			buildSettings = {
				ASSETCATALOG_COMPILER_APPICON_NAME = AppIcon;
				"CODE_SIGN_IDENTITY[sdk=iphoneos*]" = "";
				DEVELOPMENT_TEAM = "";
				FRAMEWORK_SEARCH_PATHS = (
					"$(inherited)",
					"$(PROJECT_DIR)/Carthage/Build/iOS",
				);
				INFOPLIST_FILE = Takahashi/Info.plist;
				IPHONEOS_DEPLOYMENT_TARGET = 9.3;
				LD_RUNPATH_SEARCH_PATHS = "$(inherited) @executable_path/Frameworks";
				PRODUCT_BUNDLE_IDENTIFIER = training.swift.sample.Takahashi;
				PRODUCT_NAME = "$(TARGET_NAME)";
				SWIFT_VERSION = 3.0;
			};
			name = Debug;
		};
		CDBD657F1E02185100262F2E /* Release */ = {
			isa = XCBuildConfiguration;
			buildSettings = {
				ASSETCATALOG_COMPILER_APPICON_NAME = AppIcon;
				"CODE_SIGN_IDENTITY[sdk=iphoneos*]" = "";
				DEVELOPMENT_TEAM = "";
				FRAMEWORK_SEARCH_PATHS = (
					"$(inherited)",
					"$(PROJECT_DIR)/Carthage/Build/iOS",
				);
				INFOPLIST_FILE = Takahashi/Info.plist;
				IPHONEOS_DEPLOYMENT_TARGET = 9.3;
				LD_RUNPATH_SEARCH_PATHS = "$(inherited) @executable_path/Frameworks";
				PRODUCT_BUNDLE_IDENTIFIER = training.swift.sample.Takahashi;
				PRODUCT_NAME = "$(TARGET_NAME)";
				SWIFT_VERSION = 3.0;
			};
			name = Release;
		};
/* End XCBuildConfiguration section */

/* Begin XCConfigurationList section */
		CDBD65661E02185100262F2E /* Build configuration list for PBXProject "Takahashi" */ = {
			isa = XCConfigurationList;
			buildConfigurations = (
				CDBD657B1E02185100262F2E /* Debug */,
				CDBD657C1E02185100262F2E /* Release */,
			);
			defaultConfigurationIsVisible = 0;
			defaultConfigurationName = Release;
		};
		CDBD657D1E02185100262F2E /* Build configuration list for PBXNativeTarget "Takahashi" */ = {
			isa = XCConfigurationList;
			buildConfigurations = (
				CDBD657E1E02185100262F2E /* Debug */,
				CDBD657F1E02185100262F2E /* Release */,
			);
			defaultConfigurationIsVisible = 0;
			defaultConfigurationName = Release;
		};
/* End XCConfigurationList section */
	};
	rootObject = CDBD65631E02185100262F2E /* Project object */;
}
